
Microsoft Visual Studio Solution File, Format Version 12.00
# Visual Studio Version 17
VisualStudioVersion = 17.8.34322.80
MinimumVisualStudioVersion = 10.0.40219.1
Project("{9A19103F-16F7-4668-BE54-9A1E7A4F7556}") = "EmployeeManagment.Web", "EmployeeManagement.Web\EmployeeManagment.Web.csproj", "{52873FAE-F3F3-49A1-BF0D-8FC6812FDA46}"
EndProject
Project("{9A19103F-16F7-4668-BE54-9A1E7A4F7556}") = "EmployeeManagement.Shared", "EmployeeManagement.Shared\EmployeeManagement.Shared.csproj", "{28CBD399-5059-4BEA-9CFE-C1EFFE05DFAC}"
EndProject
Project("{9A19103F-16F7-4668-BE54-9A1E7A4F7556}") = "EmployeeManagement.DataAccess", "EmployeeManagement.DataAccess\EmployeeManagement.DataAccess.csproj", "{7B8DD9F5-099B-449D-AEF0-9A9D870D07B5}"
EndProject
Project("{9A19103F-16F7-4668-BE54-9A1E7A4F7556}") = "EmployeeManagement.Core", "EmployeeManagement.Core\EmployeeManagement.Core.csproj", "{3A421618-C6BB-486D-BABD-4169F6EA507E}"
EndProject
Project("{9A19103F-16F7-4668-BE54-9A1E7A4F7556}") = "EmployeeManagement.Application", "EmployeeManagement.Application\EmployeeManagement.Application.csproj", "{65830131-E12D-4079-9611-D63CC48D139A}"
EndProject
Project("{9A19103F-16F7-4668-BE54-9A1E7A4F7556}") = "EmployeeManagement.API", "EmployeeManagement.API\EmployeeManagement.API.csproj", "{3156A375-54DC-468E-8B20-66EA130B7DDC}"
EndProject
Project("{FAE04EC0-301F-11D3-BF4B-00C04F79EFBC}") = "EmployeeManagement.Exceptions.Manager", "EmployeeManagement.Exceptions.Manager\EmployeeManagement.Exceptions.Manager.csproj", "{40DDDF0D-EF0C-4636-9669-601F8BEC0AEB}"
EndProject
Project("{FAE04EC0-301F-11D3-BF4B-00C04F79EFBC}") = "EmployeeManagement.Business", "EmployeeManagement.Business\EmployeeManagement.Business.csproj", "{C5039B22-8910-4211-B54C-B5A2ABEB7D93}"
EndProject
Project("{FAE04EC0-301F-11D3-BF4B-00C04F79EFBC}") = "EmployeeManagement.DAO", "EmployeeManagement.DAO\EmployeeManagement.DAO.csproj", "{917E2D80-332D-4315-B704-ADB1798DE203}"
EndProject
Global
	GlobalSection(SolutionConfigurationPlatforms) = preSolution
		Debug|Any CPU = Debug|Any CPU
		Release|Any CPU = Release|Any CPU
	EndGlobalSection
	GlobalSection(ProjectConfigurationPlatforms) = postSolution
		{52873FAE-F3F3-49A1-BF0D-8FC6812FDA46}.Debug|Any CPU.ActiveCfg = Debug|Any CPU
		{52873FAE-F3F3-49A1-BF0D-8FC6812FDA46}.Debug|Any CPU.Build.0 = Debug|Any CPU
		{52873FAE-F3F3-49A1-BF0D-8FC6812FDA46}.Release|Any CPU.ActiveCfg = Release|Any CPU
		{52873FAE-F3F3-49A1-BF0D-8FC6812FDA46}.Release|Any CPU.Build.0 = Release|Any CPU
		{28CBD399-5059-4BEA-9CFE-C1EFFE05DFAC}.Debug|Any CPU.ActiveCfg = Debug|Any CPU
		{28CBD399-5059-4BEA-9CFE-C1EFFE05DFAC}.Debug|Any CPU.Build.0 = Debug|Any CPU
		{28CBD399-5059-4BEA-9CFE-C1EFFE05DFAC}.Release|Any CPU.ActiveCfg = Release|Any CPU
		{28CBD399-5059-4BEA-9CFE-C1EFFE05DFAC}.Release|Any CPU.Build.0 = Release|Any CPU
		{7B8DD9F5-099B-449D-AEF0-9A9D870D07B5}.Debug|Any CPU.ActiveCfg = Debug|Any CPU
		{7B8DD9F5-099B-449D-AEF0-9A9D870D07B5}.Debug|Any CPU.Build.0 = Debug|Any CPU
		{7B8DD9F5-099B-449D-AEF0-9A9D870D07B5}.Release|Any CPU.ActiveCfg = Release|Any CPU
		{7B8DD9F5-099B-449D-AEF0-9A9D870D07B5}.Release|Any CPU.Build.0 = Release|Any CPU
		{3A421618-C6BB-486D-BABD-4169F6EA507E}.Debug|Any CPU.ActiveCfg = Debug|Any CPU
		{3A421618-C6BB-486D-BABD-4169F6EA507E}.Debug|Any CPU.Build.0 = Debug|Any CPU
		{3A421618-C6BB-486D-BABD-4169F6EA507E}.Release|Any CPU.ActiveCfg = Release|Any CPU
		{3A421618-C6BB-486D-BABD-4169F6EA507E}.Release|Any CPU.Build.0 = Release|Any CPU
		{65830131-E12D-4079-9611-D63CC48D139A}.Debug|Any CPU.ActiveCfg = Debug|Any CPU
		{65830131-E12D-4079-9611-D63CC48D139A}.Debug|Any CPU.Build.0 = Debug|Any CPU
		{65830131-E12D-4079-9611-D63CC48D139A}.Release|Any CPU.ActiveCfg = Release|Any CPU
		{65830131-E12D-4079-9611-D63CC48D139A}.Release|Any CPU.Build.0 = Release|Any CPU
		{3156A375-54DC-468E-8B20-66EA130B7DDC}.Debug|Any CPU.ActiveCfg = Debug|Any CPU
		{3156A375-54DC-468E-8B20-66EA130B7DDC}.Debug|Any CPU.Build.0 = Debug|Any CPU
		{3156A375-54DC-468E-8B20-66EA130B7DDC}.Release|Any CPU.ActiveCfg = Release|Any CPU
		{3156A375-54DC-468E-8B20-66EA130B7DDC}.Release|Any CPU.Build.0 = Release|Any CPU
		{40DDDF0D-EF0C-4636-9669-601F8BEC0AEB}.Debug|Any CPU.ActiveCfg = Debug|Any CPU
		{40DDDF0D-EF0C-4636-9669-601F8BEC0AEB}.Debug|Any CPU.Build.0 = Debug|Any CPU
		{40DDDF0D-EF0C-4636-9669-601F8BEC0AEB}.Release|Any CPU.ActiveCfg = Release|Any CPU
		{40DDDF0D-EF0C-4636-9669-601F8BEC0AEB}.Release|Any CPU.Build.0 = Release|Any CPU
		{C5039B22-8910-4211-B54C-B5A2ABEB7D93}.Debug|Any CPU.ActiveCfg = Debug|Any CPU
		{C5039B22-8910-4211-B54C-B5A2ABEB7D93}.Debug|Any CPU.Build.0 = Debug|Any CPU
		{C5039B22-8910-4211-B54C-B5A2ABEB7D93}.Release|Any CPU.ActiveCfg = Release|Any CPU
		{C5039B22-8910-4211-B54C-B5A2ABEB7D93}.Release|Any CPU.Build.0 = Release|Any CPU
		{917E2D80-332D-4315-B704-ADB1798DE203}.Debug|Any CPU.ActiveCfg = Debug|Any CPU
		{917E2D80-332D-4315-B704-ADB1798DE203}.Debug|Any CPU.Build.0 = Debug|Any CPU
		{917E2D80-332D-4315-B704-ADB1798DE203}.Release|Any CPU.ActiveCfg = Release|Any CPU
		{917E2D80-332D-4315-B704-ADB1798DE203}.Release|Any CPU.Build.0 = Release|Any CPU
	EndGlobalSection
	GlobalSection(SolutionProperties) = preSolution
		HideSolutionNode = FALSE
	EndGlobalSection
	GlobalSection(ExtensibilityGlobals) = postSolution
		SolutionGuid = {E129492E-9D1C-4963-8F37-96CE8E204C18}
	EndGlobalSection
EndGlobal
